// !$*UTF8*$!
{
	archiveVersion = 1;
	classes = {
	};
	objectVersion = 55;
	objects = {

/* Begin PBXBuildFile section */
		305F29B529125E2800C4C76A /* Notification.swift in Sources */ = {isa = PBXBuildFile; fileRef = 305F29B429125E2800C4C76A /* Notification.swift */; };
		308DECB1291A4A2F00623F96 /* OnboardingView.swift in Sources */ = {isa = PBXBuildFile; fileRef = 308DECB0291A4A2F00623F96 /* OnboardingView.swift */; };
		30E962F328F4678600A29E29 /* HealthEcgs.swift in Sources */ = {isa = PBXBuildFile; fileRef = 30E962F228F4678600A29E29 /* HealthEcgs.swift */; };
		30E962F828F5577E00A29E29 /* PreAlertPage.swift in Sources */ = {isa = PBXBuildFile; fileRef = 30E962F728F5577E00A29E29 /* PreAlertPage.swift */; };
		30E962FC28FAA64C00A29E29 /* CustomTabBar.swift in Sources */ = {isa = PBXBuildFile; fileRef = 30E962FB28FAA64C00A29E29 /* CustomTabBar.swift */; };
		30E962FF28FE61A400A29E29 /* HealthAuthorizer.swift in Sources */ = {isa = PBXBuildFile; fileRef = 30E962FE28FE61A400A29E29 /* HealthAuthorizer.swift */; };
		30E9630128FE65AA00A29E29 /* HealthProfile.swift in Sources */ = {isa = PBXBuildFile; fileRef = 30E9630028FE65AA00A29E29 /* HealthProfile.swift */; };
		30E9630328FFBF3800A29E29 /* CoreDataHelper.swift in Sources */ = {isa = PBXBuildFile; fileRef = 30E9630228FFBF3800A29E29 /* CoreDataHelper.swift */; };
		30E963092902549600A29E29 /* CustomUI.swift in Sources */ = {isa = PBXBuildFile; fileRef = 30E96306290252B200A29E29 /* CustomUI.swift */; };
		30E9630F2902A8EF00A29E29 /* HexColorExtension.swift in Sources */ = {isa = PBXBuildFile; fileRef = 30E9630E2902A8EF00A29E29 /* HexColorExtension.swift */; };
		30F91E1A28E2B5A7008F2C99 /* HealApp.swift in Sources */ = {isa = PBXBuildFile; fileRef = 30F91E1928E2B5A7008F2C99 /* HealApp.swift */; };
		30F91E1C28E2B5A7008F2C99 /* ContentView.swift in Sources */ = {isa = PBXBuildFile; fileRef = 30F91E1B28E2B5A7008F2C99 /* ContentView.swift */; };
		30F91E1E28E2B5AB008F2C99 /* Assets.xcassets in Resources */ = {isa = PBXBuildFile; fileRef = 30F91E1D28E2B5AB008F2C99 /* Assets.xcassets */; };
		30F91E2128E2B5AB008F2C99 /* Preview Assets.xcassets in Resources */ = {isa = PBXBuildFile; fileRef = 30F91E2028E2B5AB008F2C99 /* Preview Assets.xcassets */; };
		30F91E2328E2B5AB008F2C99 /* Persistence.swift in Sources */ = {isa = PBXBuildFile; fileRef = 30F91E2228E2B5AB008F2C99 /* Persistence.swift */; };
		30F91E2628E2B5AB008F2C99 /* Heal.xcdatamodeld in Sources */ = {isa = PBXBuildFile; fileRef = 30F91E2428E2B5AB008F2C99 /* Heal.xcdatamodeld */; };
		30F91E3028E2B5AC008F2C99 /* HealTests.swift in Sources */ = {isa = PBXBuildFile; fileRef = 30F91E2F28E2B5AC008F2C99 /* HealTests.swift */; };
		30F91E3A28E2B5AC008F2C99 /* HealUITests.swift in Sources */ = {isa = PBXBuildFile; fileRef = 30F91E3928E2B5AC008F2C99 /* HealUITests.swift */; };
		30F91E3C28E2B5AC008F2C99 /* HealUITestsLaunchTests.swift in Sources */ = {isa = PBXBuildFile; fileRef = 30F91E3B28E2B5AC008F2C99 /* HealUITestsLaunchTests.swift */; };
		30FE0F4A290A4B3400AD1AAE /* HealthSymptoms.swift in Sources */ = {isa = PBXBuildFile; fileRef = 30FE0F49290A4B3400AD1AAE /* HealthSymptoms.swift */; };
		30FE0F4E290F830C00AD1AAE /* ProfilePageNew.swift in Sources */ = {isa = PBXBuildFile; fileRef = 30FE0F4D290F830C00AD1AAE /* ProfilePageNew.swift */; };
		44CAC9352918E95F00FE0D8C /* DetailJournal.swift in Sources */ = {isa = PBXBuildFile; fileRef = 44CAC9322918E95F00FE0D8C /* DetailJournal.swift */; };
		44CAC9362918E95F00FE0D8C /* JournalView.swift in Sources */ = {isa = PBXBuildFile; fileRef = 44CAC9332918E95F00FE0D8C /* JournalView.swift */; };
		44CAC9372918E95F00FE0D8C /* CalenderView.swift in Sources */ = {isa = PBXBuildFile; fileRef = 44CAC9342918E95F00FE0D8C /* CalenderView.swift */; };
		44CAC9392918E97400FE0D8C /* Extension.swift in Sources */ = {isa = PBXBuildFile; fileRef = 44CAC9382918E97400FE0D8C /* Extension.swift */; };
		44CAC93C2918E97F00FE0D8C /* EKGCardTest.swift in Sources */ = {isa = PBXBuildFile; fileRef = 44CAC93A2918E97F00FE0D8C /* EKGCardTest.swift */; };
		44CAC93D2918E97F00FE0D8C /* DateValue.swift in Sources */ = {isa = PBXBuildFile; fileRef = 44CAC93B2918E97F00FE0D8C /* DateValue.swift */; };
		D8223A58291E5D5F00D9FF40 /* RitmeJantungView.swift in Sources */ = {isa = PBXBuildFile; fileRef = D8223A57291E5D5F00D9FF40 /* RitmeJantungView.swift */; };
		D8223A5A291E5D7100D9FF40 /* ECGView.swift in Sources */ = {isa = PBXBuildFile; fileRef = D8223A59291E5D7100D9FF40 /* ECGView.swift */; };
		D8223A5C291E5D7B00D9FF40 /* AritmiaView.swift in Sources */ = {isa = PBXBuildFile; fileRef = D8223A5B291E5D7B00D9FF40 /* AritmiaView.swift */; };
		DF472C97292384E200B11D86 /* DashboardViewModel.swift in Sources */ = {isa = PBXBuildFile; fileRef = DF472C94292384E200B11D86 /* DashboardViewModel.swift */; };
		DF472C98292384E200B11D86 /* DashboardView.swift in Sources */ = {isa = PBXBuildFile; fileRef = DF472C96292384E200B11D86 /* DashboardView.swift */; };
/* End PBXBuildFile section */

/* Begin PBXContainerItemProxy section */
		30F91E2C28E2B5AC008F2C99 /* PBXContainerItemProxy */ = {
			isa = PBXContainerItemProxy;
			containerPortal = 30F91E0E28E2B5A7008F2C99 /* Project object */;
			proxyType = 1;
			remoteGlobalIDString = 30F91E1528E2B5A7008F2C99;
			remoteInfo = Heal;
		};
		30F91E3628E2B5AC008F2C99 /* PBXContainerItemProxy */ = {
			isa = PBXContainerItemProxy;
			containerPortal = 30F91E0E28E2B5A7008F2C99 /* Project object */;
			proxyType = 1;
			remoteGlobalIDString = 30F91E1528E2B5A7008F2C99;
			remoteInfo = Heal;
		};
/* End PBXContainerItemProxy section */

/* Begin PBXFileReference section */
		3017647128EAB4C500E14A7D /* Heal.entitlements */ = {isa = PBXFileReference; lastKnownFileType = text.plist.entitlements; path = Heal.entitlements; sourceTree = "<group>"; };
		305F29B429125E2800C4C76A /* Notification.swift */ = {isa = PBXFileReference; lastKnownFileType = sourcecode.swift; path = Notification.swift; sourceTree = "<group>"; };
		308DECB0291A4A2F00623F96 /* OnboardingView.swift */ = {isa = PBXFileReference; fileEncoding = 4; lastKnownFileType = sourcecode.swift; path = OnboardingView.swift; sourceTree = "<group>"; };
		30E962F228F4678600A29E29 /* HealthEcgs.swift */ = {isa = PBXFileReference; lastKnownFileType = sourcecode.swift; path = HealthEcgs.swift; sourceTree = "<group>"; };
		30E962F428F4691300A29E29 /* Info.plist */ = {isa = PBXFileReference; lastKnownFileType = text.plist; path = Info.plist; sourceTree = "<group>"; };
		30E962F728F5577E00A29E29 /* PreAlertPage.swift */ = {isa = PBXFileReference; lastKnownFileType = sourcecode.swift; path = PreAlertPage.swift; sourceTree = "<group>"; };
		30E962FB28FAA64C00A29E29 /* CustomTabBar.swift */ = {isa = PBXFileReference; lastKnownFileType = sourcecode.swift; path = CustomTabBar.swift; sourceTree = "<group>"; };
		30E962FE28FE61A400A29E29 /* HealthAuthorizer.swift */ = {isa = PBXFileReference; lastKnownFileType = sourcecode.swift; path = HealthAuthorizer.swift; sourceTree = "<group>"; };
		30E9630028FE65AA00A29E29 /* HealthProfile.swift */ = {isa = PBXFileReference; lastKnownFileType = sourcecode.swift; path = HealthProfile.swift; sourceTree = "<group>"; };
		30E9630228FFBF3800A29E29 /* CoreDataHelper.swift */ = {isa = PBXFileReference; lastKnownFileType = sourcecode.swift; path = CoreDataHelper.swift; sourceTree = "<group>"; };
		30E96306290252B200A29E29 /* CustomUI.swift */ = {isa = PBXFileReference; lastKnownFileType = sourcecode.swift; path = CustomUI.swift; sourceTree = "<group>"; };
		30E9630E2902A8EF00A29E29 /* HexColorExtension.swift */ = {isa = PBXFileReference; lastKnownFileType = sourcecode.swift; path = HexColorExtension.swift; sourceTree = "<group>"; };
		30F91E1628E2B5A7008F2C99 /* Heal.app */ = {isa = PBXFileReference; explicitFileType = wrapper.application; includeInIndex = 0; path = Heal.app; sourceTree = BUILT_PRODUCTS_DIR; };
		30F91E1928E2B5A7008F2C99 /* HealApp.swift */ = {isa = PBXFileReference; lastKnownFileType = sourcecode.swift; path = HealApp.swift; sourceTree = "<group>"; };
		30F91E1B28E2B5A7008F2C99 /* ContentView.swift */ = {isa = PBXFileReference; lastKnownFileType = sourcecode.swift; path = ContentView.swift; sourceTree = "<group>"; };
		30F91E1D28E2B5AB008F2C99 /* Assets.xcassets */ = {isa = PBXFileReference; lastKnownFileType = folder.assetcatalog; path = Assets.xcassets; sourceTree = "<group>"; };
		30F91E2028E2B5AB008F2C99 /* Preview Assets.xcassets */ = {isa = PBXFileReference; lastKnownFileType = folder.assetcatalog; path = "Preview Assets.xcassets"; sourceTree = "<group>"; };
		30F91E2228E2B5AB008F2C99 /* Persistence.swift */ = {isa = PBXFileReference; lastKnownFileType = sourcecode.swift; path = Persistence.swift; sourceTree = "<group>"; };
		30F91E2528E2B5AB008F2C99 /* Heal.xcdatamodel */ = {isa = PBXFileReference; lastKnownFileType = wrapper.xcdatamodel; path = Heal.xcdatamodel; sourceTree = "<group>"; };
		30F91E2B28E2B5AC008F2C99 /* HealTests.xctest */ = {isa = PBXFileReference; explicitFileType = wrapper.cfbundle; includeInIndex = 0; path = HealTests.xctest; sourceTree = BUILT_PRODUCTS_DIR; };
		30F91E2F28E2B5AC008F2C99 /* HealTests.swift */ = {isa = PBXFileReference; lastKnownFileType = sourcecode.swift; path = HealTests.swift; sourceTree = "<group>"; };
		30F91E3528E2B5AC008F2C99 /* HealUITests.xctest */ = {isa = PBXFileReference; explicitFileType = wrapper.cfbundle; includeInIndex = 0; path = HealUITests.xctest; sourceTree = BUILT_PRODUCTS_DIR; };
		30F91E3928E2B5AC008F2C99 /* HealUITests.swift */ = {isa = PBXFileReference; lastKnownFileType = sourcecode.swift; path = HealUITests.swift; sourceTree = "<group>"; };
		30F91E3B28E2B5AC008F2C99 /* HealUITestsLaunchTests.swift */ = {isa = PBXFileReference; lastKnownFileType = sourcecode.swift; path = HealUITestsLaunchTests.swift; sourceTree = "<group>"; };
		30FE0F49290A4B3400AD1AAE /* HealthSymptoms.swift */ = {isa = PBXFileReference; lastKnownFileType = sourcecode.swift; path = HealthSymptoms.swift; sourceTree = "<group>"; };
		30FE0F4D290F830C00AD1AAE /* ProfilePageNew.swift */ = {isa = PBXFileReference; lastKnownFileType = sourcecode.swift; path = ProfilePageNew.swift; sourceTree = "<group>"; };
		44CAC9322918E95F00FE0D8C /* DetailJournal.swift */ = {isa = PBXFileReference; fileEncoding = 4; lastKnownFileType = sourcecode.swift; path = DetailJournal.swift; sourceTree = "<group>"; };
		44CAC9332918E95F00FE0D8C /* JournalView.swift */ = {isa = PBXFileReference; fileEncoding = 4; lastKnownFileType = sourcecode.swift; path = JournalView.swift; sourceTree = "<group>"; };
		44CAC9342918E95F00FE0D8C /* CalenderView.swift */ = {isa = PBXFileReference; fileEncoding = 4; lastKnownFileType = sourcecode.swift; path = CalenderView.swift; sourceTree = "<group>"; };
		44CAC9382918E97400FE0D8C /* Extension.swift */ = {isa = PBXFileReference; fileEncoding = 4; lastKnownFileType = sourcecode.swift; path = Extension.swift; sourceTree = "<group>"; };
		44CAC93A2918E97F00FE0D8C /* EKGCardTest.swift */ = {isa = PBXFileReference; fileEncoding = 4; lastKnownFileType = sourcecode.swift; path = EKGCardTest.swift; sourceTree = "<group>"; };
		44CAC93B2918E97F00FE0D8C /* DateValue.swift */ = {isa = PBXFileReference; fileEncoding = 4; lastKnownFileType = sourcecode.swift; path = DateValue.swift; sourceTree = "<group>"; };
		D8223A57291E5D5F00D9FF40 /* RitmeJantungView.swift */ = {isa = PBXFileReference; lastKnownFileType = sourcecode.swift; path = RitmeJantungView.swift; sourceTree = "<group>"; };
		D8223A59291E5D7100D9FF40 /* ECGView.swift */ = {isa = PBXFileReference; lastKnownFileType = sourcecode.swift; path = ECGView.swift; sourceTree = "<group>"; };
		D8223A5B291E5D7B00D9FF40 /* AritmiaView.swift */ = {isa = PBXFileReference; lastKnownFileType = sourcecode.swift; path = AritmiaView.swift; sourceTree = "<group>"; };
		DF472C94292384E200B11D86 /* DashboardViewModel.swift */ = {isa = PBXFileReference; fileEncoding = 4; lastKnownFileType = sourcecode.swift; path = DashboardViewModel.swift; sourceTree = "<group>"; };
		DF472C96292384E200B11D86 /* DashboardView.swift */ = {isa = PBXFileReference; fileEncoding = 4; lastKnownFileType = sourcecode.swift; path = DashboardView.swift; sourceTree = "<group>"; };
/* End PBXFileReference section */

/* Begin PBXFrameworksBuildPhase section */
		30F91E1328E2B5A7008F2C99 /* Frameworks */ = {
			isa = PBXFrameworksBuildPhase;
			buildActionMask = 2147483647;
			files = (
			);
			runOnlyForDeploymentPostprocessing = 0;
		};
		30F91E2828E2B5AC008F2C99 /* Frameworks */ = {
			isa = PBXFrameworksBuildPhase;
			buildActionMask = 2147483647;
			files = (
			);
			runOnlyForDeploymentPostprocessing = 0;
		};
		30F91E3228E2B5AC008F2C99 /* Frameworks */ = {
			isa = PBXFrameworksBuildPhase;
			buildActionMask = 2147483647;
			files = (
			);
			runOnlyForDeploymentPostprocessing = 0;
		};
/* End PBXFrameworksBuildPhase section */

/* Begin PBXGroup section */
		3017647528EC21A700E14A7D /* Themes */ = {
			isa = PBXGroup;
			children = (
				3017647828EC21E300E14A7D /* Colors */,
				3017647728EC21D400E14A7D /* UI */,
			);
			path = Themes;
			sourceTree = "<group>";
		};
		3017647628EC21BF00E14A7D /* Helper */ = {
			isa = PBXGroup;
			children = (
				30E9630228FFBF3800A29E29 /* CoreDataHelper.swift */,
				30F91E2228E2B5AB008F2C99 /* Persistence.swift */,
				305F29B429125E2800C4C76A /* Notification.swift */,
			);
			path = Helper;
			sourceTree = "<group>";
		};
		3017647728EC21D400E14A7D /* UI */ = {
			isa = PBXGroup;
			children = (
				30E96306290252B200A29E29 /* CustomUI.swift */,
			);
			path = UI;
			sourceTree = "<group>";
		};
		3017647828EC21E300E14A7D /* Colors */ = {
			isa = PBXGroup;
			children = (
				30E9630E2902A8EF00A29E29 /* HexColorExtension.swift */,
			);
			path = Colors;
			sourceTree = "<group>";
		};
		3017647928EC319300E14A7D /* Features */ = {
			isa = PBXGroup;
			children = (
				DF472C92292384E200B11D86 /* Dashboard */,
				D8223A55291E5D1A00D9FF40 /* InformasiUntukmu */,
				3017647A28EC3BDE00E14A7D /* Onboarding */,
				30E962F528F5536200A29E29 /* PreAlert */,
				30E962F028F4672D00A29E29 /* HealthKitProvider */,
				30E9630A290256B700A29E29 /* ProfilePage */,
				4465826A2911987900877839 /* Journal */,
			);
			path = Features;
			sourceTree = "<group>";
		};
		3017647A28EC3BDE00E14A7D /* Onboarding */ = {
			isa = PBXGroup;
			children = (
				3017647B28EC3C0400E14A7D /* View */,
			);
			path = Onboarding;
			sourceTree = "<group>";
		};
		3017647B28EC3C0400E14A7D /* View */ = {
			isa = PBXGroup;
			children = (
				308DECB0291A4A2F00623F96 /* OnboardingView.swift */,
			);
			path = View;
			sourceTree = "<group>";
		};
		30E962F028F4672D00A29E29 /* HealthKitProvider */ = {
			isa = PBXGroup;
			children = (
				30E962FD28FD42CA00A29E29 /* View */,
				30E962F128F4677200A29E29 /* ViewModel */,
			);
			path = HealthKitProvider;
			sourceTree = "<group>";
		};
		30E962F128F4677200A29E29 /* ViewModel */ = {
			isa = PBXGroup;
			children = (
				30E962FE28FE61A400A29E29 /* HealthAuthorizer.swift */,
				30E9630028FE65AA00A29E29 /* HealthProfile.swift */,
				30E962F228F4678600A29E29 /* HealthEcgs.swift */,
				30FE0F49290A4B3400AD1AAE /* HealthSymptoms.swift */,
			);
			path = ViewModel;
			sourceTree = "<group>";
		};
		30E962F528F5536200A29E29 /* PreAlert */ = {
			isa = PBXGroup;
			children = (
				30E962F628F5537A00A29E29 /* View */,
			);
			path = PreAlert;
			sourceTree = "<group>";
		};
		30E962F628F5537A00A29E29 /* View */ = {
			isa = PBXGroup;
			children = (
				30E962F728F5577E00A29E29 /* PreAlertPage.swift */,
				30E962FB28FAA64C00A29E29 /* CustomTabBar.swift */,
			);
			path = View;
			sourceTree = "<group>";
		};
		30E962FD28FD42CA00A29E29 /* View */ = {
			isa = PBXGroup;
			children = (
				30F91E1B28E2B5A7008F2C99 /* ContentView.swift */,
			);
			path = View;
			sourceTree = "<group>";
		};
		30E9630A290256B700A29E29 /* ProfilePage */ = {
			isa = PBXGroup;
			children = (
				30E9630B290256DC00A29E29 /* View */,
			);
			path = ProfilePage;
			sourceTree = "<group>";
		};
		30E9630B290256DC00A29E29 /* View */ = {
			isa = PBXGroup;
			children = (
				30FE0F4D290F830C00AD1AAE /* ProfilePageNew.swift */,
			);
			path = View;
			sourceTree = "<group>";
		};
		30F91E0D28E2B5A7008F2C99 = {
			isa = PBXGroup;
			children = (
				30F91E1828E2B5A7008F2C99 /* Heal */,
				30F91E2E28E2B5AC008F2C99 /* HealTests */,
				30F91E3828E2B5AC008F2C99 /* HealUITests */,
				30F91E1728E2B5A7008F2C99 /* Products */,
			);
			sourceTree = "<group>";
		};
		30F91E1728E2B5A7008F2C99 /* Products */ = {
			isa = PBXGroup;
			children = (
				30F91E1628E2B5A7008F2C99 /* Heal.app */,
				30F91E2B28E2B5AC008F2C99 /* HealTests.xctest */,
				30F91E3528E2B5AC008F2C99 /* HealUITests.xctest */,
			);
			name = Products;
			sourceTree = "<group>";
		};
		30F91E1828E2B5A7008F2C99 /* Heal */ = {
			isa = PBXGroup;
			children = (
				30E962F428F4691300A29E29 /* Info.plist */,
				3017647928EC319300E14A7D /* Features */,
				3017647528EC21A700E14A7D /* Themes */,
				3017647628EC21BF00E14A7D /* Helper */,
				30F91E1F28E2B5AB008F2C99 /* Preview Content */,
				30F91E2428E2B5AB008F2C99 /* Heal.xcdatamodeld */,
				3017647128EAB4C500E14A7D /* Heal.entitlements */,
				30F91E1928E2B5A7008F2C99 /* HealApp.swift */,
				30F91E1D28E2B5AB008F2C99 /* Assets.xcassets */,
			);
			path = Heal;
			sourceTree = "<group>";
		};
		30F91E1F28E2B5AB008F2C99 /* Preview Content */ = {
			isa = PBXGroup;
			children = (
				30F91E2028E2B5AB008F2C99 /* Preview Assets.xcassets */,
			);
			path = "Preview Content";
			sourceTree = "<group>";
		};
		30F91E2E28E2B5AC008F2C99 /* HealTests */ = {
			isa = PBXGroup;
			children = (
				30F91E2F28E2B5AC008F2C99 /* HealTests.swift */,
			);
			path = HealTests;
			sourceTree = "<group>";
		};
		30F91E3828E2B5AC008F2C99 /* HealUITests */ = {
			isa = PBXGroup;
			children = (
				30F91E3928E2B5AC008F2C99 /* HealUITests.swift */,
				30F91E3B28E2B5AC008F2C99 /* HealUITestsLaunchTests.swift */,
			);
			path = HealUITests;
			sourceTree = "<group>";
		};
		4465826A2911987900877839 /* Journal */ = {
			isa = PBXGroup;
			children = (
				4465826B291198B400877839 /* View */,
				4465826C291198CF00877839 /* ViewModel */,
			);
			path = Journal;
			sourceTree = "<group>";
		};
		4465826B291198B400877839 /* View */ = {
			isa = PBXGroup;
			children = (
				44CAC9342918E95F00FE0D8C /* CalenderView.swift */,
				44CAC9322918E95F00FE0D8C /* DetailJournal.swift */,
				44CAC9332918E95F00FE0D8C /* JournalView.swift */,
			);
			path = View;
			sourceTree = "<group>";
		};
		4465826C291198CF00877839 /* ViewModel */ = {
			isa = PBXGroup;
			children = (
				44CAC93B2918E97F00FE0D8C /* DateValue.swift */,
				44CAC93A2918E97F00FE0D8C /* EKGCardTest.swift */,
				44CAC9382918E97400FE0D8C /* Extension.swift */,
			);
			path = ViewModel;
			sourceTree = "<group>";
		};
		D8223A55291E5D1A00D9FF40 /* InformasiUntukmu */ = {
			isa = PBXGroup;
			children = (
				D8223A56291E5D2D00D9FF40 /* View */,
			);
			path = InformasiUntukmu;
			sourceTree = "<group>";
		};
		D8223A56291E5D2D00D9FF40 /* View */ = {
			isa = PBXGroup;
			children = (
				D8223A57291E5D5F00D9FF40 /* RitmeJantungView.swift */,
				D8223A59291E5D7100D9FF40 /* ECGView.swift */,
				D8223A5B291E5D7B00D9FF40 /* AritmiaView.swift */,
			);
			path = View;
			sourceTree = "<group>";
		};
		DF472C92292384E200B11D86 /* Dashboard */ = {
			isa = PBXGroup;
			children = (
				DF472C93292384E200B11D86 /* ViewModel */,
				DF472C95292384E200B11D86 /* View */,
			);
			path = Dashboard;
			sourceTree = "<group>";
		};
		DF472C93292384E200B11D86 /* ViewModel */ = {
			isa = PBXGroup;
			children = (
				DF472C94292384E200B11D86 /* DashboardViewModel.swift */,
			);
			path = ViewModel;
			sourceTree = "<group>";
		};
		DF472C95292384E200B11D86 /* View */ = {
			isa = PBXGroup;
			children = (
				DF472C96292384E200B11D86 /* DashboardView.swift */,
			);
			path = View;
			sourceTree = "<group>";
		};
/* End PBXGroup section */

/* Begin PBXNativeTarget section */
		30F91E1528E2B5A7008F2C99 /* Heal */ = {
			isa = PBXNativeTarget;
			buildConfigurationList = 30F91E3F28E2B5AC008F2C99 /* Build configuration list for PBXNativeTarget "Heal" */;
			buildPhases = (
				30F91E1228E2B5A7008F2C99 /* Sources */,
				30F91E1328E2B5A7008F2C99 /* Frameworks */,
				30F91E1428E2B5A7008F2C99 /* Resources */,
				3017643528EAB1F000E14A7D /* ShellScript */,
			);
			buildRules = (
			);
			dependencies = (
			);
			name = Heal;
			productName = Heal;
			productReference = 30F91E1628E2B5A7008F2C99 /* Heal.app */;
			productType = "com.apple.product-type.application";
		};
		30F91E2A28E2B5AC008F2C99 /* HealTests */ = {
			isa = PBXNativeTarget;
			buildConfigurationList = 30F91E4228E2B5AC008F2C99 /* Build configuration list for PBXNativeTarget "HealTests" */;
			buildPhases = (
				30F91E2728E2B5AC008F2C99 /* Sources */,
				30F91E2828E2B5AC008F2C99 /* Frameworks */,
				30F91E2928E2B5AC008F2C99 /* Resources */,
			);
			buildRules = (
			);
			dependencies = (
				30F91E2D28E2B5AC008F2C99 /* PBXTargetDependency */,
			);
			name = HealTests;
			productName = HealTests;
			productReference = 30F91E2B28E2B5AC008F2C99 /* HealTests.xctest */;
			productType = "com.apple.product-type.bundle.unit-test";
		};
		30F91E3428E2B5AC008F2C99 /* HealUITests */ = {
			isa = PBXNativeTarget;
			buildConfigurationList = 30F91E4528E2B5AC008F2C99 /* Build configuration list for PBXNativeTarget "HealUITests" */;
			buildPhases = (
				30F91E3128E2B5AC008F2C99 /* Sources */,
				30F91E3228E2B5AC008F2C99 /* Frameworks */,
				30F91E3328E2B5AC008F2C99 /* Resources */,
			);
			buildRules = (
			);
			dependencies = (
				30F91E3728E2B5AC008F2C99 /* PBXTargetDependency */,
			);
			name = HealUITests;
			productName = HealUITests;
			productReference = 30F91E3528E2B5AC008F2C99 /* HealUITests.xctest */;
			productType = "com.apple.product-type.bundle.ui-testing";
		};
/* End PBXNativeTarget section */

/* Begin PBXProject section */
		30F91E0E28E2B5A7008F2C99 /* Project object */ = {
			isa = PBXProject;
			attributes = {
				BuildIndependentTargetsInParallel = 1;
				LastSwiftUpdateCheck = 1330;
				LastUpgradeCheck = 1330;
				TargetAttributes = {
					30F91E1528E2B5A7008F2C99 = {
						CreatedOnToolsVersion = 13.3.1;
					};
					30F91E2A28E2B5AC008F2C99 = {
						CreatedOnToolsVersion = 13.3.1;
						TestTargetID = 30F91E1528E2B5A7008F2C99;
					};
					30F91E3428E2B5AC008F2C99 = {
						CreatedOnToolsVersion = 13.3.1;
						TestTargetID = 30F91E1528E2B5A7008F2C99;
					};
				};
			};
			buildConfigurationList = 30F91E1128E2B5A7008F2C99 /* Build configuration list for PBXProject "Heal" */;
			compatibilityVersion = "Xcode 13.0";
			developmentRegion = en;
			hasScannedForEncodings = 0;
			knownRegions = (
				en,
				Base,
			);
			mainGroup = 30F91E0D28E2B5A7008F2C99;
			productRefGroup = 30F91E1728E2B5A7008F2C99 /* Products */;
			projectDirPath = "";
			projectRoot = "";
			targets = (
				30F91E1528E2B5A7008F2C99 /* Heal */,
				30F91E2A28E2B5AC008F2C99 /* HealTests */,
				30F91E3428E2B5AC008F2C99 /* HealUITests */,
			);
		};
/* End PBXProject section */

/* Begin PBXResourcesBuildPhase section */
		30F91E1428E2B5A7008F2C99 /* Resources */ = {
			isa = PBXResourcesBuildPhase;
			buildActionMask = 2147483647;
			files = (
				30F91E2128E2B5AB008F2C99 /* Preview Assets.xcassets in Resources */,
				30F91E1E28E2B5AB008F2C99 /* Assets.xcassets in Resources */,
			);
			runOnlyForDeploymentPostprocessing = 0;
		};
		30F91E2928E2B5AC008F2C99 /* Resources */ = {
			isa = PBXResourcesBuildPhase;
			buildActionMask = 2147483647;
			files = (
			);
			runOnlyForDeploymentPostprocessing = 0;
		};
		30F91E3328E2B5AC008F2C99 /* Resources */ = {
			isa = PBXResourcesBuildPhase;
			buildActionMask = 2147483647;
			files = (
			);
			runOnlyForDeploymentPostprocessing = 0;
		};
/* End PBXResourcesBuildPhase section */

/* Begin PBXShellScriptBuildPhase section */
		3017643528EAB1F000E14A7D /* ShellScript */ = {
			isa = PBXShellScriptBuildPhase;
			buildActionMask = 2147483647;
			files = (
			);
			inputFileListPaths = (
			);
			inputPaths = (
			);
			outputFileListPaths = (
			);
			outputPaths = (
			);
			runOnlyForDeploymentPostprocessing = 0;
			shellPath = /bin/sh;
			shellScript = "export PATH=\"$PATH:/opt/homebrew/bin\"\nif which swiftlint > /dev/null; then\n  swiftlint\nelse\n  echo \"warning: SwiftLint not installed, download from https://github.com/realm/SwiftLint\"\nfi\n";
		};
/* End PBXShellScriptBuildPhase section */

/* Begin PBXSourcesBuildPhase section */
		30F91E1228E2B5A7008F2C99 /* Sources */ = {
			isa = PBXSourcesBuildPhase;
			buildActionMask = 2147483647;
			files = (
				30E9630328FFBF3800A29E29 /* CoreDataHelper.swift in Sources */,
				30F91E2328E2B5AB008F2C99 /* Persistence.swift in Sources */,
				44CAC9372918E95F00FE0D8C /* CalenderView.swift in Sources */,
				30FE0F4E290F830C00AD1AAE /* ProfilePageNew.swift in Sources */,
				30E962F328F4678600A29E29 /* HealthEcgs.swift in Sources */,
				30E963092902549600A29E29 /* CustomUI.swift in Sources */,
				D8223A58291E5D5F00D9FF40 /* RitmeJantungView.swift in Sources */,
				30E962FC28FAA64C00A29E29 /* CustomTabBar.swift in Sources */,
				30F91E1C28E2B5A7008F2C99 /* ContentView.swift in Sources */,
				D8223A5C291E5D7B00D9FF40 /* AritmiaView.swift in Sources */,
				44CAC93C2918E97F00FE0D8C /* EKGCardTest.swift in Sources */,
				30E962FF28FE61A400A29E29 /* HealthAuthorizer.swift in Sources */,
				44CAC9362918E95F00FE0D8C /* JournalView.swift in Sources */,
				44CAC93D2918E97F00FE0D8C /* DateValue.swift in Sources */,
				30E9630128FE65AA00A29E29 /* HealthProfile.swift in Sources */,
				30E962F828F5577E00A29E29 /* PreAlertPage.swift in Sources */,
				44CAC9392918E97400FE0D8C /* Extension.swift in Sources */,
				30F91E1A28E2B5A7008F2C99 /* HealApp.swift in Sources */,
				44CAC9352918E95F00FE0D8C /* DetailJournal.swift in Sources */,
				D8223A5A291E5D7100D9FF40 /* ECGView.swift in Sources */,
				305F29B529125E2800C4C76A /* Notification.swift in Sources */,
				30F91E2628E2B5AB008F2C99 /* Heal.xcdatamodeld in Sources */,
				DF472C98292384E200B11D86 /* DashboardView.swift in Sources */,
				30E9630F2902A8EF00A29E29 /* HexColorExtension.swift in Sources */,
				DF472C97292384E200B11D86 /* DashboardViewModel.swift in Sources */,
				30FE0F4A290A4B3400AD1AAE /* HealthSymptoms.swift in Sources */,
				308DECB1291A4A2F00623F96 /* OnboardingView.swift in Sources */,
			);
			runOnlyForDeploymentPostprocessing = 0;
		};
		30F91E2728E2B5AC008F2C99 /* Sources */ = {
			isa = PBXSourcesBuildPhase;
			buildActionMask = 2147483647;
			files = (
				30F91E3028E2B5AC008F2C99 /* HealTests.swift in Sources */,
			);
			runOnlyForDeploymentPostprocessing = 0;
		};
		30F91E3128E2B5AC008F2C99 /* Sources */ = {
			isa = PBXSourcesBuildPhase;
			buildActionMask = 2147483647;
			files = (
				30F91E3C28E2B5AC008F2C99 /* HealUITestsLaunchTests.swift in Sources */,
				30F91E3A28E2B5AC008F2C99 /* HealUITests.swift in Sources */,
			);
			runOnlyForDeploymentPostprocessing = 0;
		};
/* End PBXSourcesBuildPhase section */

/* Begin PBXTargetDependency section */
		30F91E2D28E2B5AC008F2C99 /* PBXTargetDependency */ = {
			isa = PBXTargetDependency;
			target = 30F91E1528E2B5A7008F2C99 /* Heal */;
			targetProxy = 30F91E2C28E2B5AC008F2C99 /* PBXContainerItemProxy */;
		};
		30F91E3728E2B5AC008F2C99 /* PBXTargetDependency */ = {
			isa = PBXTargetDependency;
			target = 30F91E1528E2B5A7008F2C99 /* Heal */;
			targetProxy = 30F91E3628E2B5AC008F2C99 /* PBXContainerItemProxy */;
		};
/* End PBXTargetDependency section */

/* Begin XCBuildConfiguration section */
		30F91E3D28E2B5AC008F2C99 /* Debug */ = {
			isa = XCBuildConfiguration;
			buildSettings = {
				ALWAYS_SEARCH_USER_PATHS = NO;
				CLANG_ANALYZER_NONNULL = YES;
				CLANG_ANALYZER_NUMBER_OBJECT_CONVERSION = YES_AGGRESSIVE;
				CLANG_CXX_LANGUAGE_STANDARD = "gnu++17";
				CLANG_ENABLE_MODULES = YES;
				CLANG_ENABLE_OBJC_ARC = YES;
				CLANG_ENABLE_OBJC_WEAK = YES;
				CLANG_WARN_BLOCK_CAPTURE_AUTORELEASING = YES;
				CLANG_WARN_BOOL_CONVERSION = YES;
				CLANG_WARN_COMMA = YES;
				CLANG_WARN_CONSTANT_CONVERSION = YES;
				CLANG_WARN_DEPRECATED_OBJC_IMPLEMENTATIONS = YES;
				CLANG_WARN_DIRECT_OBJC_ISA_USAGE = YES_ERROR;
				CLANG_WARN_DOCUMENTATION_COMMENTS = YES;
				CLANG_WARN_EMPTY_BODY = YES;
				CLANG_WARN_ENUM_CONVERSION = YES;
				CLANG_WARN_INFINITE_RECURSION = YES;
				CLANG_WARN_INT_CONVERSION = YES;
				CLANG_WARN_NON_LITERAL_NULL_CONVERSION = YES;
				CLANG_WARN_OBJC_IMPLICIT_RETAIN_SELF = YES;
				CLANG_WARN_OBJC_LITERAL_CONVERSION = YES;
				CLANG_WARN_OBJC_ROOT_CLASS = YES_ERROR;
				CLANG_WARN_QUOTED_INCLUDE_IN_FRAMEWORK_HEADER = YES;
				CLANG_WARN_RANGE_LOOP_ANALYSIS = YES;
				CLANG_WARN_STRICT_PROTOTYPES = YES;
				CLANG_WARN_SUSPICIOUS_MOVE = YES;
				CLANG_WARN_UNGUARDED_AVAILABILITY = YES_AGGRESSIVE;
				CLANG_WARN_UNREACHABLE_CODE = YES;
				CLANG_WARN__DUPLICATE_METHOD_MATCH = YES;
				COPY_PHASE_STRIP = NO;
				DEBUG_INFORMATION_FORMAT = dwarf;
				ENABLE_STRICT_OBJC_MSGSEND = YES;
				ENABLE_TESTABILITY = YES;
				GCC_C_LANGUAGE_STANDARD = gnu11;
				GCC_DYNAMIC_NO_PIC = NO;
				GCC_NO_COMMON_BLOCKS = YES;
				GCC_OPTIMIZATION_LEVEL = 0;
				GCC_PREPROCESSOR_DEFINITIONS = (
					"DEBUG=1",
					"$(inherited)",
				);
				GCC_WARN_64_TO_32_BIT_CONVERSION = YES;
				GCC_WARN_ABOUT_RETURN_TYPE = YES_ERROR;
				GCC_WARN_UNDECLARED_SELECTOR = YES;
				GCC_WARN_UNINITIALIZED_AUTOS = YES_AGGRESSIVE;
				GCC_WARN_UNUSED_FUNCTION = YES;
				GCC_WARN_UNUSED_VARIABLE = YES;
				IPHONEOS_DEPLOYMENT_TARGET = 15.4;
				MTL_ENABLE_DEBUG_INFO = INCLUDE_SOURCE;
				MTL_FAST_MATH = YES;
				ONLY_ACTIVE_ARCH = YES;
				SDKROOT = iphoneos;
				SWIFT_ACTIVE_COMPILATION_CONDITIONS = DEBUG;
				SWIFT_OPTIMIZATION_LEVEL = "-Onone";
			};
			name = Debug;
		};
		30F91E3E28E2B5AC008F2C99 /* Release */ = {
			isa = XCBuildConfiguration;
			buildSettings = {
				ALWAYS_SEARCH_USER_PATHS = NO;
				CLANG_ANALYZER_NONNULL = YES;
				CLANG_ANALYZER_NUMBER_OBJECT_CONVERSION = YES_AGGRESSIVE;
				CLANG_CXX_LANGUAGE_STANDARD = "gnu++17";
				CLANG_ENABLE_MODULES = YES;
				CLANG_ENABLE_OBJC_ARC = YES;
				CLANG_ENABLE_OBJC_WEAK = YES;
				CLANG_WARN_BLOCK_CAPTURE_AUTORELEASING = YES;
				CLANG_WARN_BOOL_CONVERSION = YES;
				CLANG_WARN_COMMA = YES;
				CLANG_WARN_CONSTANT_CONVERSION = YES;
				CLANG_WARN_DEPRECATED_OBJC_IMPLEMENTATIONS = YES;
				CLANG_WARN_DIRECT_OBJC_ISA_USAGE = YES_ERROR;
				CLANG_WARN_DOCUMENTATION_COMMENTS = YES;
				CLANG_WARN_EMPTY_BODY = YES;
				CLANG_WARN_ENUM_CONVERSION = YES;
				CLANG_WARN_INFINITE_RECURSION = YES;
				CLANG_WARN_INT_CONVERSION = YES;
				CLANG_WARN_NON_LITERAL_NULL_CONVERSION = YES;
				CLANG_WARN_OBJC_IMPLICIT_RETAIN_SELF = YES;
				CLANG_WARN_OBJC_LITERAL_CONVERSION = YES;
				CLANG_WARN_OBJC_ROOT_CLASS = YES_ERROR;
				CLANG_WARN_QUOTED_INCLUDE_IN_FRAMEWORK_HEADER = YES;
				CLANG_WARN_RANGE_LOOP_ANALYSIS = YES;
				CLANG_WARN_STRICT_PROTOTYPES = YES;
				CLANG_WARN_SUSPICIOUS_MOVE = YES;
				CLANG_WARN_UNGUARDED_AVAILABILITY = YES_AGGRESSIVE;
				CLANG_WARN_UNREACHABLE_CODE = YES;
				CLANG_WARN__DUPLICATE_METHOD_MATCH = YES;
				COPY_PHASE_STRIP = NO;
				DEBUG_INFORMATION_FORMAT = "dwarf-with-dsym";
				ENABLE_NS_ASSERTIONS = NO;
				ENABLE_STRICT_OBJC_MSGSEND = YES;
				GCC_C_LANGUAGE_STANDARD = gnu11;
				GCC_NO_COMMON_BLOCKS = YES;
				GCC_WARN_64_TO_32_BIT_CONVERSION = YES;
				GCC_WARN_ABOUT_RETURN_TYPE = YES_ERROR;
				GCC_WARN_UNDECLARED_SELECTOR = YES;
				GCC_WARN_UNINITIALIZED_AUTOS = YES_AGGRESSIVE;
				GCC_WARN_UNUSED_FUNCTION = YES;
				GCC_WARN_UNUSED_VARIABLE = YES;
				IPHONEOS_DEPLOYMENT_TARGET = 15.4;
				MTL_ENABLE_DEBUG_INFO = NO;
				MTL_FAST_MATH = YES;
				SDKROOT = iphoneos;
				SWIFT_COMPILATION_MODE = wholemodule;
				SWIFT_OPTIMIZATION_LEVEL = "-O";
				VALIDATE_PRODUCT = YES;
			};
			name = Release;
		};
		30F91E4028E2B5AC008F2C99 /* Debug */ = {
			isa = XCBuildConfiguration;
			buildSettings = {
				ASSETCATALOG_COMPILER_APPICON_NAME = AppIcon;
				ASSETCATALOG_COMPILER_GLOBAL_ACCENT_COLOR_NAME = AccentColor;
				CODE_SIGN_ENTITLEMENTS = Heal/Heal.entitlements;
				CODE_SIGN_STYLE = Automatic;
				CURRENT_PROJECT_VERSION = 1;
				DEVELOPMENT_ASSET_PATHS = "\"Heal/Preview Content\"";
				DEVELOPMENT_TEAM = 843V7URJY9;
				ENABLE_PREVIEWS = YES;
				GENERATE_INFOPLIST_FILE = YES;
				INFOPLIST_FILE = Heal/Info.plist;
				INFOPLIST_KEY_NSHealthShareUsageDescription = "We use HealthKit to Store your Journal and ECG datas.";
				INFOPLIST_KEY_NSHealthUpdateUsageDescription = "We use HealthKit to Store your Journal and ECG datas.";
				INFOPLIST_KEY_UIApplicationSceneManifest_Generation = YES;
				INFOPLIST_KEY_UIApplicationSupportsIndirectInputEvents = YES;
				INFOPLIST_KEY_UILaunchScreen_Generation = YES;
				INFOPLIST_KEY_UISupportedInterfaceOrientations_iPad = "UIInterfaceOrientationPortrait UIInterfaceOrientationPortraitUpsideDown UIInterfaceOrientationLandscapeLeft UIInterfaceOrientationLandscapeRight";
				INFOPLIST_KEY_UISupportedInterfaceOrientations_iPhone = "UIInterfaceOrientationPortrait UIInterfaceOrientationLandscapeLeft UIInterfaceOrientationLandscapeRight";
				IPHONEOS_DEPLOYMENT_TARGET = 16.0;
				LD_RUNPATH_SEARCH_PATHS = (
					"$(inherited)",
					"@executable_path/Frameworks",
				);
				MARKETING_VERSION = 1.0;
				PRODUCT_BUNDLE_IDENTIFIER = Macro.heri;
				PRODUCT_NAME = "$(TARGET_NAME)";
				SWIFT_EMIT_LOC_STRINGS = YES;
				SWIFT_VERSION = 5.0;
				TARGETED_DEVICE_FAMILY = "1,2";
			};
			name = Debug;
		};
		30F91E4128E2B5AC008F2C99 /* Release */ = {
			isa = XCBuildConfiguration;
			buildSettings = {
				ASSETCATALOG_COMPILER_APPICON_NAME = AppIcon;
				ASSETCATALOG_COMPILER_GLOBAL_ACCENT_COLOR_NAME = AccentColor;
				CODE_SIGN_ENTITLEMENTS = Heal/Heal.entitlements;
				CODE_SIGN_STYLE = Automatic;
				CURRENT_PROJECT_VERSION = 1;
				DEVELOPMENT_ASSET_PATHS = "\"Heal/Preview Content\"";
				DEVELOPMENT_TEAM = 843V7URJY9;
				ENABLE_PREVIEWS = YES;
				GENERATE_INFOPLIST_FILE = YES;
				INFOPLIST_FILE = Heal/Info.plist;
				INFOPLIST_KEY_NSHealthShareUsageDescription = "We use HealthKit to Store your Journal and ECG datas.";
				INFOPLIST_KEY_NSHealthUpdateUsageDescription = "We use HealthKit to Store your Journal and ECG datas.";
				INFOPLIST_KEY_UIApplicationSceneManifest_Generation = YES;
				INFOPLIST_KEY_UIApplicationSupportsIndirectInputEvents = YES;
				INFOPLIST_KEY_UILaunchScreen_Generation = YES;
				INFOPLIST_KEY_UISupportedInterfaceOrientations_iPad = "UIInterfaceOrientationPortrait UIInterfaceOrientationPortraitUpsideDown UIInterfaceOrientationLandscapeLeft UIInterfaceOrientationLandscapeRight";
				INFOPLIST_KEY_UISupportedInterfaceOrientations_iPhone = "UIInterfaceOrientationPortrait UIInterfaceOrientationLandscapeLeft UIInterfaceOrientationLandscapeRight";
				IPHONEOS_DEPLOYMENT_TARGET = 16.0;
				LD_RUNPATH_SEARCH_PATHS = (
					"$(inherited)",
					"@executable_path/Frameworks",
				);
				MARKETING_VERSION = 1.0;
				PRODUCT_BUNDLE_IDENTIFIER = Macro.heri;
				PRODUCT_NAME = "$(TARGET_NAME)";
				SWIFT_EMIT_LOC_STRINGS = YES;
				SWIFT_VERSION = 5.0;
				TARGETED_DEVICE_FAMILY = "1,2";
			};
			name = Release;
		};
		30F91E4328E2B5AC008F2C99 /* Debug */ = {
			isa = XCBuildConfiguration;
			buildSettings = {
				ALWAYS_EMBED_SWIFT_STANDARD_LIBRARIES = YES;
				BUNDLE_LOADER = "$(TEST_HOST)";
				CODE_SIGN_STYLE = Automatic;
				CURRENT_PROJECT_VERSION = 1;
				DEVELOPMENT_TEAM = 2RNK62DS26;
				GENERATE_INFOPLIST_FILE = YES;
				IPHONEOS_DEPLOYMENT_TARGET = 15.4;
				MARKETING_VERSION = 1.0;
				PRODUCT_BUNDLE_IDENTIFIER = MacroBurger.HealTests;
				PRODUCT_NAME = "$(TARGET_NAME)";
				SWIFT_EMIT_LOC_STRINGS = NO;
				SWIFT_VERSION = 5.0;
				TARGETED_DEVICE_FAMILY = "1,2";
				TEST_HOST = "$(BUILT_PRODUCTS_DIR)/Heal.app/Heal";
			};
			name = Debug;
		};
		30F91E4428E2B5AC008F2C99 /* Release */ = {
			isa = XCBuildConfiguration;
			buildSettings = {
				ALWAYS_EMBED_SWIFT_STANDARD_LIBRARIES = YES;
				BUNDLE_LOADER = "$(TEST_HOST)";
				CODE_SIGN_STYLE = Automatic;
				CURRENT_PROJECT_VERSION = 1;
				DEVELOPMENT_TEAM = 2RNK62DS26;
				GENERATE_INFOPLIST_FILE = YES;
				IPHONEOS_DEPLOYMENT_TARGET = 15.4;
				MARKETING_VERSION = 1.0;
				PRODUCT_BUNDLE_IDENTIFIER = MacroBurger.HealTests;
				PRODUCT_NAME = "$(TARGET_NAME)";
				SWIFT_EMIT_LOC_STRINGS = NO;
				SWIFT_VERSION = 5.0;
				TARGETED_DEVICE_FAMILY = "1,2";
				TEST_HOST = "$(BUILT_PRODUCTS_DIR)/Heal.app/Heal";
			};
			name = Release;
		};
		30F91E4628E2B5AC008F2C99 /* Debug */ = {
			isa = XCBuildConfiguration;
			buildSettings = {
				ALWAYS_EMBED_SWIFT_STANDARD_LIBRARIES = YES;
				CODE_SIGN_STYLE = Automatic;
				CURRENT_PROJECT_VERSION = 1;
				DEVELOPMENT_TEAM = 2RNK62DS26;
				GENERATE_INFOPLIST_FILE = YES;
				MARKETING_VERSION = 1.0;
				PRODUCT_BUNDLE_IDENTIFIER = MacroBurger.HealUITests;
				PRODUCT_NAME = "$(TARGET_NAME)";
				SWIFT_EMIT_LOC_STRINGS = NO;
				SWIFT_VERSION = 5.0;
				TARGETED_DEVICE_FAMILY = "1,2";
				TEST_TARGET_NAME = Heal;
			};
			name = Debug;
		};
		30F91E4728E2B5AC008F2C99 /* Release */ = {
			isa = XCBuildConfiguration;
			buildSettings = {
				ALWAYS_EMBED_SWIFT_STANDARD_LIBRARIES = YES;
				CODE_SIGN_STYLE = Automatic;
				CURRENT_PROJECT_VERSION = 1;
				DEVELOPMENT_TEAM = 2RNK62DS26;
				GENERATE_INFOPLIST_FILE = YES;
				MARKETING_VERSION = 1.0;
				PRODUCT_BUNDLE_IDENTIFIER = MacroBurger.HealUITests;
				PRODUCT_NAME = "$(TARGET_NAME)";
				SWIFT_EMIT_LOC_STRINGS = NO;
				SWIFT_VERSION = 5.0;
				TARGETED_DEVICE_FAMILY = "1,2";
				TEST_TARGET_NAME = Heal;
			};
			name = Release;
		};
/* End XCBuildConfiguration section */

/* Begin XCConfigurationList section */
		30F91E1128E2B5A7008F2C99 /* Build configuration list for PBXProject "Heal" */ = {
			isa = XCConfigurationList;
			buildConfigurations = (
				30F91E3D28E2B5AC008F2C99 /* Debug */,
				30F91E3E28E2B5AC008F2C99 /* Release */,
			);
			defaultConfigurationIsVisible = 0;
			defaultConfigurationName = Release;
		};
		30F91E3F28E2B5AC008F2C99 /* Build configuration list for PBXNativeTarget "Heal" */ = {
			isa = XCConfigurationList;
			buildConfigurations = (
				30F91E4028E2B5AC008F2C99 /* Debug */,
				30F91E4128E2B5AC008F2C99 /* Release */,
			);
			defaultConfigurationIsVisible = 0;
			defaultConfigurationName = Release;
		};
		30F91E4228E2B5AC008F2C99 /* Build configuration list for PBXNativeTarget "HealTests" */ = {
			isa = XCConfigurationList;
			buildConfigurations = (
				30F91E4328E2B5AC008F2C99 /* Debug */,
				30F91E4428E2B5AC008F2C99 /* Release */,
			);
			defaultConfigurationIsVisible = 0;
			defaultConfigurationName = Release;
		};
		30F91E4528E2B5AC008F2C99 /* Build configuration list for PBXNativeTarget "HealUITests" */ = {
			isa = XCConfigurationList;
			buildConfigurations = (
				30F91E4628E2B5AC008F2C99 /* Debug */,
				30F91E4728E2B5AC008F2C99 /* Release */,
			);
			defaultConfigurationIsVisible = 0;
			defaultConfigurationName = Release;
		};
/* End XCConfigurationList section */

/* Begin XCVersionGroup section */
		30F91E2428E2B5AB008F2C99 /* Heal.xcdatamodeld */ = {
			isa = XCVersionGroup;
			children = (
				30F91E2528E2B5AB008F2C99 /* Heal.xcdatamodel */,
			);
			currentVersion = 30F91E2528E2B5AB008F2C99 /* Heal.xcdatamodel */;
			path = Heal.xcdatamodeld;
			sourceTree = "<group>";
			versionGroupType = wrapper.xcdatamodel;
		};
/* End XCVersionGroup section */
	};
	rootObject = 30F91E0E28E2B5A7008F2C99 /* Project object */;
}
